
Microsoft Visual Studio Solution File, Format Version 12.00
# Visual Studio 15
VisualStudioVersion = 15.0.28307.329
MinimumVisualStudioVersion = 10.0.40219.1
Project("{9A19103F-16F7-4668-BE54-9A1E7A4F7556}") = "SaverMate", "SaverMate\SaverMate\SaverMate.csproj", "{D3EA295E-75E9-4588-89D2-5AA7DDCFF20A}"
EndProject
Project("{FAE04EC0-301F-11D3-BF4B-00C04F79EFBC}") = "SaverMate.Android", "SaverMate\SaverMate.Android\SaverMate.Android.csproj", "{682FDBFF-661A-44D8-8981-51E802FF69DC}"
EndProject
Project("{FAE04EC0-301F-11D3-BF4B-00C04F79EFBC}") = "SaverMate.iOS", "SaverMate\SaverMate.iOS\SaverMate.iOS.csproj", "{878EFA83-9243-423C-889C-80DF8653CD59}"
EndProject
Project("{2150E333-8FDC-42A3-9474-1A3956D46DE8}") = "Modules", "Modules", "{D9ECE4DB-E289-4EF1-A064-4BB9B12EB906}"
EndProject
Project("{FAE04EC0-301F-11D3-BF4B-00C04F79EFBC}") = "Authentication", "AuthenticationModule\Authentication.csproj", "{38CC6372-220B-4E04-A1A5-99BD32F0E179}"
EndProject
Global
	GlobalSection(SolutionConfigurationPlatforms) = preSolution
		Ad-Hoc|Any CPU = Ad-Hoc|Any CPU
		Ad-Hoc|iPhone = Ad-Hoc|iPhone
		Ad-Hoc|iPhoneSimulator = Ad-Hoc|iPhoneSimulator
		AppStore|Any CPU = AppStore|Any CPU
		AppStore|iPhone = AppStore|iPhone
		AppStore|iPhoneSimulator = AppStore|iPhoneSimulator
		Debug|Any CPU = Debug|Any CPU
		Debug|iPhone = Debug|iPhone
		Debug|iPhoneSimulator = Debug|iPhoneSimulator
		Release|Any CPU = Release|Any CPU
		Release|iPhone = Release|iPhone
		Release|iPhoneSimulator = Release|iPhoneSimulator
	EndGlobalSection
	GlobalSection(ProjectConfigurationPlatforms) = postSolution
		{D3EA295E-75E9-4588-89D2-5AA7DDCFF20A}.Ad-Hoc|Any CPU.ActiveCfg = Debug|Any CPU
		{D3EA295E-75E9-4588-89D2-5AA7DDCFF20A}.Ad-Hoc|Any CPU.Build.0 = Debug|Any CPU
		{D3EA295E-75E9-4588-89D2-5AA7DDCFF20A}.Ad-Hoc|iPhone.ActiveCfg = Debug|Any CPU
		{D3EA295E-75E9-4588-89D2-5AA7DDCFF20A}.Ad-Hoc|iPhone.Build.0 = Debug|Any CPU
		{D3EA295E-75E9-4588-89D2-5AA7DDCFF20A}.Ad-Hoc|iPhoneSimulator.ActiveCfg = Debug|Any CPU
		{D3EA295E-75E9-4588-89D2-5AA7DDCFF20A}.Ad-Hoc|iPhoneSimulator.Build.0 = Debug|Any CPU
		{D3EA295E-75E9-4588-89D2-5AA7DDCFF20A}.AppStore|Any CPU.ActiveCfg = Debug|Any CPU
		{D3EA295E-75E9-4588-89D2-5AA7DDCFF20A}.AppStore|Any CPU.Build.0 = Debug|Any CPU
		{D3EA295E-75E9-4588-89D2-5AA7DDCFF20A}.AppStore|iPhone.ActiveCfg = Debug|Any CPU
		{D3EA295E-75E9-4588-89D2-5AA7DDCFF20A}.AppStore|iPhone.Build.0 = Debug|Any CPU
		{D3EA295E-75E9-4588-89D2-5AA7DDCFF20A}.AppStore|iPhoneSimulator.ActiveCfg = Debug|Any CPU
		{D3EA295E-75E9-4588-89D2-5AA7DDCFF20A}.AppStore|iPhoneSimulator.Build.0 = Debug|Any CPU
		{D3EA295E-75E9-4588-89D2-5AA7DDCFF20A}.Debug|Any CPU.ActiveCfg = Debug|Any CPU
		{D3EA295E-75E9-4588-89D2-5AA7DDCFF20A}.Debug|Any CPU.Build.0 = Debug|Any CPU
		{D3EA295E-75E9-4588-89D2-5AA7DDCFF20A}.Debug|iPhone.ActiveCfg = Debug|Any CPU
		{D3EA295E-75E9-4588-89D2-5AA7DDCFF20A}.Debug|iPhone.Build.0 = Debug|Any CPU
		{D3EA295E-75E9-4588-89D2-5AA7DDCFF20A}.Debug|iPhoneSimulator.ActiveCfg = Debug|Any CPU
		{D3EA295E-75E9-4588-89D2-5AA7DDCFF20A}.Debug|iPhoneSimulator.Build.0 = Debug|Any CPU
		{D3EA295E-75E9-4588-89D2-5AA7DDCFF20A}.Release|Any CPU.ActiveCfg = Release|Any CPU
		{D3EA295E-75E9-4588-89D2-5AA7DDCFF20A}.Release|Any CPU.Build.0 = Release|Any CPU
		{D3EA295E-75E9-4588-89D2-5AA7DDCFF20A}.Release|iPhone.ActiveCfg = Release|Any CPU
		{D3EA295E-75E9-4588-89D2-5AA7DDCFF20A}.Release|iPhone.Build.0 = Release|Any CPU
		{D3EA295E-75E9-4588-89D2-5AA7DDCFF20A}.Release|iPhoneSimulator.ActiveCfg = Release|Any CPU
		{D3EA295E-75E9-4588-89D2-5AA7DDCFF20A}.Release|iPhoneSimulator.Build.0 = Release|Any CPU
		{682FDBFF-661A-44D8-8981-51E802FF69DC}.Ad-Hoc|Any CPU.ActiveCfg = Release|Any CPU
		{682FDBFF-661A-44D8-8981-51E802FF69DC}.Ad-Hoc|Any CPU.Build.0 = Release|Any CPU
		{682FDBFF-661A-44D8-8981-51E802FF69DC}.Ad-Hoc|Any CPU.Deploy.0 = Release|Any CPU
		{682FDBFF-661A-44D8-8981-51E802FF69DC}.Ad-Hoc|iPhone.ActiveCfg = Release|Any CPU
		{682FDBFF-661A-44D8-8981-51E802FF69DC}.Ad-Hoc|iPhone.Build.0 = Release|Any CPU
		{682FDBFF-661A-44D8-8981-51E802FF69DC}.Ad-Hoc|iPhone.Deploy.0 = Release|Any CPU
		{682FDBFF-661A-44D8-8981-51E802FF69DC}.Ad-Hoc|iPhoneSimulator.ActiveCfg = Release|Any CPU
		{682FDBFF-661A-44D8-8981-51E802FF69DC}.Ad-Hoc|iPhoneSimulator.Build.0 = Release|Any CPU
		{682FDBFF-661A-44D8-8981-51E802FF69DC}.Ad-Hoc|iPhoneSimulator.Deploy.0 = Release|Any CPU
		{682FDBFF-661A-44D8-8981-51E802FF69DC}.AppStore|Any CPU.ActiveCfg = Release|Any CPU
		{682FDBFF-661A-44D8-8981-51E802FF69DC}.AppStore|Any CPU.Build.0 = Release|Any CPU
		{682FDBFF-661A-44D8-8981-51E802FF69DC}.AppStore|Any CPU.Deploy.0 = Release|Any CPU
		{682FDBFF-661A-44D8-8981-51E802FF69DC}.AppStore|iPhone.ActiveCfg = Release|Any CPU
		{682FDBFF-661A-44D8-8981-51E802FF69DC}.AppStore|iPhone.Build.0 = Release|Any CPU
		{682FDBFF-661A-44D8-8981-51E802FF69DC}.AppStore|iPhone.Deploy.0 = Release|Any CPU
		{682FDBFF-661A-44D8-8981-51E802FF69DC}.AppStore|iPhoneSimulator.ActiveCfg = Release|Any CPU
		{682FDBFF-661A-44D8-8981-51E802FF69DC}.AppStore|iPhoneSimulator.Build.0 = Release|Any CPU
		{682FDBFF-661A-44D8-8981-51E802FF69DC}.AppStore|iPhoneSimulator.Deploy.0 = Release|Any CPU
		{682FDBFF-661A-44D8-8981-51E802FF69DC}.Debug|Any CPU.ActiveCfg = Debug|Any CPU
		{682FDBFF-661A-44D8-8981-51E802FF69DC}.Debug|Any CPU.Build.0 = Debug|Any CPU
		{682FDBFF-661A-44D8-8981-51E802FF69DC}.Debug|Any CPU.Deploy.0 = Debug|Any CPU
		{682FDBFF-661A-44D8-8981-51E802FF69DC}.Debug|iPhone.ActiveCfg = Debug|Any CPU
		{682FDBFF-661A-44D8-8981-51E802FF69DC}.Debug|iPhone.Build.0 = Debug|Any CPU
		{682FDBFF-661A-44D8-8981-51E802FF69DC}.Debug|iPhone.Deploy.0 = Debug|Any CPU
		{682FDBFF-661A-44D8-8981-51E802FF69DC}.Debug|iPhoneSimulator.ActiveCfg = Debug|Any CPU
		{682FDBFF-661A-44D8-8981-51E802FF69DC}.Debug|iPhoneSimulator.Build.0 = Debug|Any CPU
		{682FDBFF-661A-44D8-8981-51E802FF69DC}.Debug|iPhoneSimulator.Deploy.0 = Debug|Any CPU
		{682FDBFF-661A-44D8-8981-51E802FF69DC}.Release|Any CPU.ActiveCfg = Release|Any CPU
		{682FDBFF-661A-44D8-8981-51E802FF69DC}.Release|Any CPU.Build.0 = Release|Any CPU
		{682FDBFF-661A-44D8-8981-51E802FF69DC}.Release|Any CPU.Deploy.0 = Release|Any CPU
		{682FDBFF-661A-44D8-8981-51E802FF69DC}.Release|iPhone.ActiveCfg = Release|Any CPU
		{682FDBFF-661A-44D8-8981-51E802FF69DC}.Release|iPhone.Build.0 = Release|Any CPU
		{682FDBFF-661A-44D8-8981-51E802FF69DC}.Release|iPhone.Deploy.0 = Release|Any CPU
		{682FDBFF-661A-44D8-8981-51E802FF69DC}.Release|iPhoneSimulator.ActiveCfg = Release|Any CPU
		{682FDBFF-661A-44D8-8981-51E802FF69DC}.Release|iPhoneSimulator.Build.0 = Release|Any CPU
		{682FDBFF-661A-44D8-8981-51E802FF69DC}.Release|iPhoneSimulator.Deploy.0 = Release|Any CPU
		{878EFA83-9243-423C-889C-80DF8653CD59}.Ad-Hoc|Any CPU.ActiveCfg = Ad-Hoc|iPhone
		{878EFA83-9243-423C-889C-80DF8653CD59}.Ad-Hoc|iPhone.ActiveCfg = Ad-Hoc|iPhone
		{878EFA83-9243-423C-889C-80DF8653CD59}.Ad-Hoc|iPhone.Build.0 = Ad-Hoc|iPhone
		{878EFA83-9243-423C-889C-80DF8653CD59}.Ad-Hoc|iPhoneSimulator.ActiveCfg = Ad-Hoc|iPhoneSimulator
		{878EFA83-9243-423C-889C-80DF8653CD59}.Ad-Hoc|iPhoneSimulator.Build.0 = Ad-Hoc|iPhoneSimulator
		{878EFA83-9243-423C-889C-80DF8653CD59}.AppStore|Any CPU.ActiveCfg = AppStore|iPhone
		{878EFA83-9243-423C-889C-80DF8653CD59}.AppStore|iPhone.ActiveCfg = AppStore|iPhone
		{878EFA83-9243-423C-889C-80DF8653CD59}.AppStore|iPhone.Build.0 = AppStore|iPhone
		{878EFA83-9243-423C-889C-80DF8653CD59}.AppStore|iPhoneSimulator.ActiveCfg = AppStore|iPhoneSimulator
		{878EFA83-9243-423C-889C-80DF8653CD59}.AppStore|iPhoneSimulator.Build.0 = AppStore|iPhoneSimulator
		{878EFA83-9243-423C-889C-80DF8653CD59}.Debug|Any CPU.ActiveCfg = Debug|iPhone
		{878EFA83-9243-423C-889C-80DF8653CD59}.Debug|iPhone.ActiveCfg = Debug|iPhone
		{878EFA83-9243-423C-889C-80DF8653CD59}.Debug|iPhone.Build.0 = Debug|iPhone
		{878EFA83-9243-423C-889C-80DF8653CD59}.Debug|iPhoneSimulator.ActiveCfg = Debug|iPhoneSimulator
		{878EFA83-9243-423C-889C-80DF8653CD59}.Debug|iPhoneSimulator.Build.0 = Debug|iPhoneSimulator
		{878EFA83-9243-423C-889C-80DF8653CD59}.Release|Any CPU.ActiveCfg = Release|iPhone
		{878EFA83-9243-423C-889C-80DF8653CD59}.Release|iPhone.ActiveCfg = Release|iPhone
		{878EFA83-9243-423C-889C-80DF8653CD59}.Release|iPhone.Build.0 = Release|iPhone
		{878EFA83-9243-423C-889C-80DF8653CD59}.Release|iPhoneSimulator.ActiveCfg = Release|iPhoneSimulator
		{878EFA83-9243-423C-889C-80DF8653CD59}.Release|iPhoneSimulator.Build.0 = Release|iPhoneSimulator
		{38CC6372-220B-4E04-A1A5-99BD32F0E179}.Ad-Hoc|Any CPU.ActiveCfg = Debug|Any CPU
		{38CC6372-220B-4E04-A1A5-99BD32F0E179}.Ad-Hoc|Any CPU.Build.0 = Debug|Any CPU
		{38CC6372-220B-4E04-A1A5-99BD32F0E179}.Ad-Hoc|iPhone.ActiveCfg = Debug|Any CPU
		{38CC6372-220B-4E04-A1A5-99BD32F0E179}.Ad-Hoc|iPhone.Build.0 = Debug|Any CPU
		{38CC6372-220B-4E04-A1A5-99BD32F0E179}.Ad-Hoc|iPhoneSimulator.ActiveCfg = Debug|Any CPU
		{38CC6372-220B-4E04-A1A5-99BD32F0E179}.Ad-Hoc|iPhoneSimulator.Build.0 = Debug|Any CPU
		{38CC6372-220B-4E04-A1A5-99BD32F0E179}.AppStore|Any CPU.ActiveCfg = Debug|Any CPU
		{38CC6372-220B-4E04-A1A5-99BD32F0E179}.AppStore|Any CPU.Build.0 = Debug|Any CPU
		{38CC6372-220B-4E04-A1A5-99BD32F0E179}.AppStore|iPhone.ActiveCfg = Debug|Any CPU
		{38CC6372-220B-4E04-A1A5-99BD32F0E179}.AppStore|iPhone.Build.0 = Debug|Any CPU
		{38CC6372-220B-4E04-A1A5-99BD32F0E179}.AppStore|iPhoneSimulator.ActiveCfg = Debug|Any CPU
		{38CC6372-220B-4E04-A1A5-99BD32F0E179}.AppStore|iPhoneSimulator.Build.0 = Debug|Any CPU
		{38CC6372-220B-4E04-A1A5-99BD32F0E179}.Debug|Any CPU.ActiveCfg = Debug|Any CPU
		{38CC6372-220B-4E04-A1A5-99BD32F0E179}.Debug|Any CPU.Build.0 = Debug|Any CPU
		{38CC6372-220B-4E04-A1A5-99BD32F0E179}.Debug|iPhone.ActiveCfg = Debug|Any CPU
		{38CC6372-220B-4E04-A1A5-99BD32F0E179}.Debug|iPhone.Build.0 = Debug|Any CPU
		{38CC6372-220B-4E04-A1A5-99BD32F0E179}.Debug|iPhoneSimulator.ActiveCfg = Debug|Any CPU
		{38CC6372-220B-4E04-A1A5-99BD32F0E179}.Debug|iPhoneSimulator.Build.0 = Debug|Any CPU
		{38CC6372-220B-4E04-A1A5-99BD32F0E179}.Release|Any CPU.ActiveCfg = Release|Any CPU
		{38CC6372-220B-4E04-A1A5-99BD32F0E179}.Release|Any CPU.Build.0 = Release|Any CPU
		{38CC6372-220B-4E04-A1A5-99BD32F0E179}.Release|iPhone.ActiveCfg = Release|Any CPU
		{38CC6372-220B-4E04-A1A5-99BD32F0E179}.Release|iPhone.Build.0 = Release|Any CPU
		{38CC6372-220B-4E04-A1A5-99BD32F0E179}.Release|iPhoneSimulator.ActiveCfg = Release|Any CPU
		{38CC6372-220B-4E04-A1A5-99BD32F0E179}.Release|iPhoneSimulator.Build.0 = Release|Any CPU
	EndGlobalSection
	GlobalSection(SolutionProperties) = preSolution
		HideSolutionNode = FALSE
	EndGlobalSection
	GlobalSection(NestedProjects) = preSolution
		{38CC6372-220B-4E04-A1A5-99BD32F0E179} = {D9ECE4DB-E289-4EF1-A064-4BB9B12EB906}
	EndGlobalSection
	GlobalSection(ExtensibilityGlobals) = postSolution
		SolutionGuid = {36994DE0-D499-43E2-9069-4B127FC032B3}
	EndGlobalSection
EndGlobal
